{
  "name": "@sebastianspeitel/irc",
  "requires": true,
  "lockfileVersion": 1,
  "dependencies": {
    "@types/node": {
      "version": "14.11.8",
      "resolved": "https://registry.npmjs.org/@types/node/-/node-14.11.8.tgz",
      "integrity": "sha512-KPcKqKm5UKDkaYPTuXSx8wEP7vE9GnuaXIZKijwRYcePpZFDVuy2a57LarFKiORbHOuTOOwYzxVxcUzsh2P2Pw==",
      "dev": true
    },
    "typescript": {
      "version": "4.1.0-dev.20201023",
      "resolved": "https://registry.npmjs.org/typescript/-/typescript-4.1.0-dev.20201023.tgz",
      "integrity": "sha512-jjUBsuzdCd7KLiFlRcxRsJ6bR2HI7fs2mIgcN7DsHhc3RME3u+FcTcYyNdAmFTqndDYiee6eRIaH7GAtGTixow==",
      "dev": true
    }
  }
}
